# THIS IS AN AUTOGENERATED FILE. DO NOT EDIT THIS FILE DIRECTLY.
# yarn lockfile v1


bootstrap@^5.0.1:
  version "5.0.1"
  resolved "https://registry.yarnpkg.com/bootstrap/-/bootstrap-5.0.1.tgz#e7939d599119dc818a90478a2a299bdaff037e09"
  integrity sha512-Fl79+wsLOZKoiU345KeEaWD0ik8WKRI5zm0YSPj2oF1Qr+BO7z0fco6GbUtqjoG1h4VI89PeKJnMsMMVQdKKTw==

lightbox2@^2.11.3:
  version "2.11.3"
  resolved "https://registry.yarnpkg.com/lightbox2/-/lightbox2-2.11.3.tgz#057d9244badb0f0fd4603c25d739a19a85a71978"
  integrity sha512-Q4v6il/OK9ttgEkAxSok/jrI/LUbqTrePFchqP2x/59qaDIZgJjEEc5Xf7peSMc/55Zo5PAgmX6EiN/BeEeUBQ==
